github.com/golang/protobuf v1.3.4 h1:87PNWwrRvUSnqS4dlcBU/ftvOIBep4sYuBLlh6rX2wk=
github.com/golang/protobuf v1.3.4/go.mod h1:vzj43D7+SQXF/4pzW/hwtAqwc6iTitCiVSaWz5lYuqw=
github.com/xi2/xz v0.0.0-20171230120015-48954b6210f8 h1:nIPpBwaJSVYIxUFsDv3M8ofmx9yWTog9BfvIu0q41lo=
github.com/xi2/xz v0.0.0-20171230120015-48954b6210f8/go.mod h1:HUYIGzjTL3rfEspMxjDjgmT5uz5wzYJKVo23qUhYTos=
